
Microsoft Visual Studio Solution File, Format Version 12.00
# Visual Studio Version 17
VisualStudioVersion = 17.5.33414.496
MinimumVisualStudioVersion = 10.0.40219.1
Project("{9A19103F-16F7-4668-BE54-9A1E7A4F7556}") = "ZooManager", "ZooManager\ZooManager.csproj", "{343001AB-89A3-4AB6-A78C-B2F5541D5E2F}"
EndProject
Project("{FAE04EC0-301F-11D3-BF4B-00C04F79EFBC}") = "ZooManagerLibrary", "ZooManagerLibrary\ZooManagerLibrary.csproj", "{1EF3CBE2-D834-4777-A2CF-0CDD8B4129EE}"
EndProject
Global
	GlobalSection(SolutionConfigurationPlatforms) = preSolution
		Debug|Any CPU = Debug|Any CPU
		Release|Any CPU = Release|Any CPU
	EndGlobalSection
	GlobalSection(ProjectConfigurationPlatforms) = postSolution
		{343001AB-89A3-4AB6-A78C-B2F5541D5E2F}.Debug|Any CPU.ActiveCfg = Debug|Any CPU
		{343001AB-89A3-4AB6-A78C-B2F5541D5E2F}.Debug|Any CPU.Build.0 = Debug|Any CPU
		{343001AB-89A3-4AB6-A78C-B2F5541D5E2F}.Release|Any CPU.ActiveCfg = Release|Any CPU
		{343001AB-89A3-4AB6-A78C-B2F5541D5E2F}.Release|Any CPU.Build.0 = Release|Any CPU
		{1EF3CBE2-D834-4777-A2CF-0CDD8B4129EE}.Debug|Any CPU.ActiveCfg = Debug|Any CPU
		{1EF3CBE2-D834-4777-A2CF-0CDD8B4129EE}.Debug|Any CPU.Build.0 = Debug|Any CPU
		{1EF3CBE2-D834-4777-A2CF-0CDD8B4129EE}.Release|Any CPU.ActiveCfg = Release|Any CPU
		{1EF3CBE2-D834-4777-A2CF-0CDD8B4129EE}.Release|Any CPU.Build.0 = Release|Any CPU
	EndGlobalSection
	GlobalSection(SolutionProperties) = preSolution
		HideSolutionNode = FALSE
	EndGlobalSection
	GlobalSection(ExtensibilityGlobals) = postSolution
		SolutionGuid = {A81D4A7D-B335-4404-A04A-0DF700A7F4F2}
	EndGlobalSection
EndGlobal
